
Microsoft Visual Studio Solution File, Format Version 12.00
# Visual Studio 2015
VisualStudioVersion = 14.0.25420.1
MinimumVisualStudioVersion = 10.0.40219.1
Project("{FAE04EC0-301F-11D3-BF4B-00C04F79EFBC}") = "AMazeBoss.Plugins", "AMazeBoss.Plugins.csproj", "{801292DA-A64C-0CDE-226D-ACED6C99A4F9}"
EndProject
Project("{FAE04EC0-301F-11D3-BF4B-00C04F79EFBC}") = "AMazeBoss", "AMazeBoss.csproj", "{2E4E18E2-4E1E-06C2-409D-23F5F9BFDC03}"
EndProject
Project("{FAE04EC0-301F-11D3-BF4B-00C04F79EFBC}") = "AMazeBoss.Editor", "AMazeBoss.Editor.csproj", "{C7AE67DB-55FD-301D-61A7-A254ABB38FAD}"
EndProject
Project("{FAE04EC0-301F-11D3-BF4B-00C04F79EFBC}") = "AMazeBoss.CSharp.Tests", "AMazeBoss.CSharp.Tests\AMazeBoss.CSharp.Tests.csproj", "{B4FDF4AE-621E-4452-B0EC-6284764F7DBD}"
EndProject
Global
	GlobalSection(SolutionConfigurationPlatforms) = preSolution
		Debug|Any CPU = Debug|Any CPU
		Release|Any CPU = Release|Any CPU
	EndGlobalSection
	GlobalSection(ProjectConfigurationPlatforms) = postSolution
		{801292DA-A64C-0CDE-226D-ACED6C99A4F9}.Debug|Any CPU.ActiveCfg = Debug|Any CPU
		{801292DA-A64C-0CDE-226D-ACED6C99A4F9}.Debug|Any CPU.Build.0 = Debug|Any CPU
		{801292DA-A64C-0CDE-226D-ACED6C99A4F9}.Release|Any CPU.ActiveCfg = Release|Any CPU
		{801292DA-A64C-0CDE-226D-ACED6C99A4F9}.Release|Any CPU.Build.0 = Release|Any CPU
		{2E4E18E2-4E1E-06C2-409D-23F5F9BFDC03}.Debug|Any CPU.ActiveCfg = Debug|Any CPU
		{2E4E18E2-4E1E-06C2-409D-23F5F9BFDC03}.Debug|Any CPU.Build.0 = Debug|Any CPU
		{2E4E18E2-4E1E-06C2-409D-23F5F9BFDC03}.Release|Any CPU.ActiveCfg = Release|Any CPU
		{2E4E18E2-4E1E-06C2-409D-23F5F9BFDC03}.Release|Any CPU.Build.0 = Release|Any CPU
		{C7AE67DB-55FD-301D-61A7-A254ABB38FAD}.Debug|Any CPU.ActiveCfg = Debug|Any CPU
		{C7AE67DB-55FD-301D-61A7-A254ABB38FAD}.Debug|Any CPU.Build.0 = Debug|Any CPU
		{C7AE67DB-55FD-301D-61A7-A254ABB38FAD}.Release|Any CPU.ActiveCfg = Release|Any CPU
		{C7AE67DB-55FD-301D-61A7-A254ABB38FAD}.Release|Any CPU.Build.0 = Release|Any CPU
		{B4FDF4AE-621E-4452-B0EC-6284764F7DBD}.Debug|Any CPU.ActiveCfg = Debug|Any CPU
		{B4FDF4AE-621E-4452-B0EC-6284764F7DBD}.Debug|Any CPU.Build.0 = Debug|Any CPU
		{B4FDF4AE-621E-4452-B0EC-6284764F7DBD}.Release|Any CPU.ActiveCfg = Release|Any CPU
		{B4FDF4AE-621E-4452-B0EC-6284764F7DBD}.Release|Any CPU.Build.0 = Release|Any CPU
	EndGlobalSection
	GlobalSection(SolutionProperties) = preSolution
		HideSolutionNode = FALSE
	EndGlobalSection
EndGlobal
