Microsoft Visual Studio Solution File, Format Version 11.00
# Visual Studio 2008

Project("{1EBADD25-08AC-5C6B-3D80-261B53BDC856}") = "AMazeBoss", "Assembly-CSharp-firstpass.csproj", "{56A8B864-5D74-1625-CDA9-3AFB83DD7E87}"
EndProject
Project("{1EBADD25-08AC-5C6B-3D80-261B53BDC856}") = "AMazeBoss", "Assembly-CSharp.csproj", "{0136B51A-FD02-C84C-A30C-93CCB57EF992}"
EndProject
Project("{1EBADD25-08AC-5C6B-3D80-261B53BDC856}") = "AMazeBoss", "Assembly-CSharp-Editor.csproj", "{2B57DEB3-C129-E72B-87D9-95292B220EF6}"
EndProject
Global
	GlobalSection(SolutionConfigurationPlatforms) = preSolution
		Debug|Any CPU = Debug|Any CPU
		Release|Any CPU = Release|Any CPU
	EndGlobalSection
	GlobalSection(ProjectConfigurationPlatforms) = postSolution
		{56A8B864-5D74-1625-CDA9-3AFB83DD7E87}.Debug|Any CPU.ActiveCfg = Debug|Any CPU
		{56A8B864-5D74-1625-CDA9-3AFB83DD7E87}.Debug|Any CPU.Build.0 = Debug|Any CPU
		{56A8B864-5D74-1625-CDA9-3AFB83DD7E87}.Release|Any CPU.ActiveCfg = Release|Any CPU
		{56A8B864-5D74-1625-CDA9-3AFB83DD7E87}.Release|Any CPU.Build.0 = Release|Any CPU
		{0136B51A-FD02-C84C-A30C-93CCB57EF992}.Debug|Any CPU.ActiveCfg = Debug|Any CPU
		{0136B51A-FD02-C84C-A30C-93CCB57EF992}.Debug|Any CPU.Build.0 = Debug|Any CPU
		{0136B51A-FD02-C84C-A30C-93CCB57EF992}.Release|Any CPU.ActiveCfg = Release|Any CPU
		{0136B51A-FD02-C84C-A30C-93CCB57EF992}.Release|Any CPU.Build.0 = Release|Any CPU
		{2B57DEB3-C129-E72B-87D9-95292B220EF6}.Debug|Any CPU.ActiveCfg = Debug|Any CPU
		{2B57DEB3-C129-E72B-87D9-95292B220EF6}.Debug|Any CPU.Build.0 = Debug|Any CPU
		{2B57DEB3-C129-E72B-87D9-95292B220EF6}.Release|Any CPU.ActiveCfg = Release|Any CPU
		{2B57DEB3-C129-E72B-87D9-95292B220EF6}.Release|Any CPU.Build.0 = Release|Any CPU
	EndGlobalSection
	GlobalSection(SolutionProperties) = preSolution
		HideSolutionNode = FALSE
	EndGlobalSection
	GlobalSection(MonoDevelopProperties) = preSolution
		StartupItem = Assembly-CSharp.csproj
	EndGlobalSection
EndGlobal
